
Microsoft Visual Studio Solution File, Format Version 12.00
# Visual Studio Version 17
VisualStudioVersion = 17.4.33205.214
MinimumVisualStudioVersion = 10.0.40219.1
Project("{FAE04EC0-301F-11D3-BF4B-00C04F79EFBC}") = "Skyrim.Api", "Skyrim.Api\Skyrim.Api.csproj", "{5E2B9D80-AACD-4B18-AC78-FA3C865098FD}"
EndProject
Project("{FAE04EC0-301F-11D3-BF4B-00C04F79EFBC}") = "Skyrim.Api.Test", "Skyrim.Api.Test\Skyrim.Api.Test.csproj", "{7EC8FC2D-C34E-4B78-B329-002A43A4AC8D}"
EndProject
Global
	GlobalSection(SolutionConfigurationPlatforms) = preSolution
		Debug|Any CPU = Debug|Any CPU
		Release|Any CPU = Release|Any CPU
	EndGlobalSection
	GlobalSection(ProjectConfigurationPlatforms) = postSolution
		{5E2B9D80-AACD-4B18-AC78-FA3C865098FD}.Debug|Any CPU.ActiveCfg = Debug|Any CPU
		{5E2B9D80-AACD-4B18-AC78-FA3C865098FD}.Debug|Any CPU.Build.0 = Debug|Any CPU
		{5E2B9D80-AACD-4B18-AC78-FA3C865098FD}.Release|Any CPU.ActiveCfg = Release|Any CPU
		{5E2B9D80-AACD-4B18-AC78-FA3C865098FD}.Release|Any CPU.Build.0 = Release|Any CPU
		{7EC8FC2D-C34E-4B78-B329-002A43A4AC8D}.Debug|Any CPU.ActiveCfg = Debug|Any CPU
		{7EC8FC2D-C34E-4B78-B329-002A43A4AC8D}.Debug|Any CPU.Build.0 = Debug|Any CPU
		{7EC8FC2D-C34E-4B78-B329-002A43A4AC8D}.Release|Any CPU.ActiveCfg = Release|Any CPU
		{7EC8FC2D-C34E-4B78-B329-002A43A4AC8D}.Release|Any CPU.Build.0 = Release|Any CPU
	EndGlobalSection
	GlobalSection(SolutionProperties) = preSolution
		HideSolutionNode = FALSE
	EndGlobalSection
	GlobalSection(ExtensibilityGlobals) = postSolution
		SolutionGuid = {DC4A0F59-A674-4E25-857F-5B913A0C1AC6}
	EndGlobalSection
EndGlobal
